
Microsoft Visual Studio Solution File, Format Version 12.00
Project("{FAE04EC0-301F-11D3-BF4B-00C04F79EFBC}") = "InfrelearnMVC", "InfrelearnMVC\InfrelearnMVC.csproj", "{15061DE6-FD79-4BB1-A3BC-518DA8986E38}"
EndProject
Project("{FAE04EC0-301F-11D3-BF4B-00C04F79EFBC}") = "NetCore.Services", "NetCore.Services\NetCore.Services.csproj", "{499C1B9B-0F70-48A4-AEEA-F1DECE1A01F7}"
EndProject
Project("{FAE04EC0-301F-11D3-BF4B-00C04F79EFBC}") = "NetCore.Data", "NetCore.Data\NetCore.Data.csproj", "{E1E0AC7E-055F-4A11-874A-3F6EE2EC711C}"
EndProject
Project("{FAE04EC0-301F-11D3-BF4B-00C04F79EFBC}") = "NetCoreDatabases", "NetCoreDatabases\NetCoreDatabases.csproj", "{C5D56E0D-A33F-48B1-BCB4-96AE6EBFEF6C}"
EndProject
Global
	GlobalSection(SolutionConfigurationPlatforms) = preSolution
		Debug|Any CPU = Debug|Any CPU
		Release|Any CPU = Release|Any CPU
	EndGlobalSection
	GlobalSection(ProjectConfigurationPlatforms) = postSolution
		{15061DE6-FD79-4BB1-A3BC-518DA8986E38}.Debug|Any CPU.ActiveCfg = Debug|Any CPU
		{15061DE6-FD79-4BB1-A3BC-518DA8986E38}.Debug|Any CPU.Build.0 = Debug|Any CPU
		{15061DE6-FD79-4BB1-A3BC-518DA8986E38}.Release|Any CPU.ActiveCfg = Release|Any CPU
		{15061DE6-FD79-4BB1-A3BC-518DA8986E38}.Release|Any CPU.Build.0 = Release|Any CPU
		{499C1B9B-0F70-48A4-AEEA-F1DECE1A01F7}.Debug|Any CPU.ActiveCfg = Debug|Any CPU
		{499C1B9B-0F70-48A4-AEEA-F1DECE1A01F7}.Debug|Any CPU.Build.0 = Debug|Any CPU
		{499C1B9B-0F70-48A4-AEEA-F1DECE1A01F7}.Release|Any CPU.ActiveCfg = Release|Any CPU
		{499C1B9B-0F70-48A4-AEEA-F1DECE1A01F7}.Release|Any CPU.Build.0 = Release|Any CPU
		{E1E0AC7E-055F-4A11-874A-3F6EE2EC711C}.Debug|Any CPU.ActiveCfg = Debug|Any CPU
		{E1E0AC7E-055F-4A11-874A-3F6EE2EC711C}.Debug|Any CPU.Build.0 = Debug|Any CPU
		{E1E0AC7E-055F-4A11-874A-3F6EE2EC711C}.Release|Any CPU.ActiveCfg = Release|Any CPU
		{E1E0AC7E-055F-4A11-874A-3F6EE2EC711C}.Release|Any CPU.Build.0 = Release|Any CPU
		{C5D56E0D-A33F-48B1-BCB4-96AE6EBFEF6C}.Debug|Any CPU.ActiveCfg = Debug|Any CPU
		{C5D56E0D-A33F-48B1-BCB4-96AE6EBFEF6C}.Debug|Any CPU.Build.0 = Debug|Any CPU
		{C5D56E0D-A33F-48B1-BCB4-96AE6EBFEF6C}.Release|Any CPU.ActiveCfg = Release|Any CPU
		{C5D56E0D-A33F-48B1-BCB4-96AE6EBFEF6C}.Release|Any CPU.Build.0 = Release|Any CPU
	EndGlobalSection
EndGlobal
